
Microsoft Visual Studio Solution File, Format Version 12.00
# Visual Studio Version 16
VisualStudioVersion = 16.0.31515.178
MinimumVisualStudioVersion = 10.0.40219.1
Project("{2150E333-8FDC-42A3-9474-1A3956D46DE8}") = "src", "src", "{05BBE106-5E4D-4664-ABF0-CD70EFCF2AB9}"
EndProject
Project("{2150E333-8FDC-42A3-9474-1A3956D46DE8}") = "API", "API", "{1582AEC8-A1C7-4D47-8C7B-92B4B139C2AA}"
EndProject
Project("{2150E333-8FDC-42A3-9474-1A3956D46DE8}") = "Core", "Core", "{FD74D9DD-4E45-42F4-9175-585A3DB10735}"
EndProject
Project("{2150E333-8FDC-42A3-9474-1A3956D46DE8}") = "Infrastructure", "Infrastructure", "{05EF92CB-6051-4FE2-95B6-444FD7ACEB58}"
EndProject
Project("{2150E333-8FDC-42A3-9474-1A3956D46DE8}") = "test", "test", "{2B3A9164-2744-429E-AB9A-E75B45C7F8A5}"
EndProject
Project("{9A19103F-16F7-4668-BE54-9A1E7A4F7556}") = "SharafDG.Api", "src\API\SharafDG.Api\SharafDG.Api.csproj", "{4F510F20-0CA6-4612-ADB9-30C8B01C7177}"
EndProject
Project("{9A19103F-16F7-4668-BE54-9A1E7A4F7556}") = "SharafDG.Application", "src\Core\SharafDG.Application\SharafDG.Application.csproj", "{19B6D619-34C9-4909-A6D1-0008C312C973}"
EndProject
Project("{9A19103F-16F7-4668-BE54-9A1E7A4F7556}") = "SharafDG.Domain", "src\Core\SharafDG.Domain\SharafDG.Domain.csproj", "{6D1B075B-D51B-45E9-9F48-4EF5D37CADF4}"
EndProject
Project("{9A19103F-16F7-4668-BE54-9A1E7A4F7556}") = "SharafDG.Identity", "src\Infrastructure\SharafDG.Identity\SharafDG.Identity.csproj", "{CD445AFE-6E1A-43AE-89B5-65CE200818BE}"
EndProject
Project("{9A19103F-16F7-4668-BE54-9A1E7A4F7556}") = "SharafDG.Infrastructure", "src\Infrastructure\SharafDG.Infrastructure\SharafDG.Infrastructure.csproj", "{15331102-7FD1-4B98-B111-61C278164852}"
EndProject
Project("{9A19103F-16F7-4668-BE54-9A1E7A4F7556}") = "SharafDG.Persistence", "src\Infrastructure\SharafDG.Persistence\SharafDG.Persistence.csproj", "{34A17104-E754-465A-9543-C1DB70C80F9F}"
EndProject
Project("{9A19103F-16F7-4668-BE54-9A1E7A4F7556}") = "SharafDG.API.IntegrationTests", "test\SharafDG.API.IntegrationTests\SharafDG.API.IntegrationTests.csproj", "{A001888F-EACE-4EA9-A14F-636BBA57FD73}"
EndProject
Project("{9A19103F-16F7-4668-BE54-9A1E7A4F7556}") = "SharafDG.Application.UnitTests", "test\SharafDG.Application.UnitTests\SharafDG.Application.UnitTests.csproj", "{4560769B-60AA-4EA0-97FF-DB2BDFCEA85E}"
EndProject
Project("{9A19103F-16F7-4668-BE54-9A1E7A4F7556}") = "SharafDG.Persistence.IntegrationTests", "test\SharafDG.Persistence.IntegrationTests\SharafDG.Persistence.IntegrationTests.csproj", "{C3C97DD0-7A50-4E79-9BE4-5BFB5E7CB3A4}"
EndProject
Global
	GlobalSection(SolutionConfigurationPlatforms) = preSolution
		Debug|Any CPU = Debug|Any CPU
		Release|Any CPU = Release|Any CPU
	EndGlobalSection
	GlobalSection(ProjectConfigurationPlatforms) = postSolution
		{4F510F20-0CA6-4612-ADB9-30C8B01C7177}.Debug|Any CPU.ActiveCfg = Debug|Any CPU
		{4F510F20-0CA6-4612-ADB9-30C8B01C7177}.Debug|Any CPU.Build.0 = Debug|Any CPU
		{4F510F20-0CA6-4612-ADB9-30C8B01C7177}.Release|Any CPU.ActiveCfg = Release|Any CPU
		{4F510F20-0CA6-4612-ADB9-30C8B01C7177}.Release|Any CPU.Build.0 = Release|Any CPU
		{19B6D619-34C9-4909-A6D1-0008C312C973}.Debug|Any CPU.ActiveCfg = Debug|Any CPU
		{19B6D619-34C9-4909-A6D1-0008C312C973}.Debug|Any CPU.Build.0 = Debug|Any CPU
		{19B6D619-34C9-4909-A6D1-0008C312C973}.Release|Any CPU.ActiveCfg = Release|Any CPU
		{19B6D619-34C9-4909-A6D1-0008C312C973}.Release|Any CPU.Build.0 = Release|Any CPU
		{6D1B075B-D51B-45E9-9F48-4EF5D37CADF4}.Debug|Any CPU.ActiveCfg = Debug|Any CPU
		{6D1B075B-D51B-45E9-9F48-4EF5D37CADF4}.Debug|Any CPU.Build.0 = Debug|Any CPU
		{6D1B075B-D51B-45E9-9F48-4EF5D37CADF4}.Release|Any CPU.ActiveCfg = Release|Any CPU
		{6D1B075B-D51B-45E9-9F48-4EF5D37CADF4}.Release|Any CPU.Build.0 = Release|Any CPU
		{CD445AFE-6E1A-43AE-89B5-65CE200818BE}.Debug|Any CPU.ActiveCfg = Debug|Any CPU
		{CD445AFE-6E1A-43AE-89B5-65CE200818BE}.Debug|Any CPU.Build.0 = Debug|Any CPU
		{CD445AFE-6E1A-43AE-89B5-65CE200818BE}.Release|Any CPU.ActiveCfg = Release|Any CPU
		{CD445AFE-6E1A-43AE-89B5-65CE200818BE}.Release|Any CPU.Build.0 = Release|Any CPU
		{15331102-7FD1-4B98-B111-61C278164852}.Debug|Any CPU.ActiveCfg = Debug|Any CPU
		{15331102-7FD1-4B98-B111-61C278164852}.Debug|Any CPU.Build.0 = Debug|Any CPU
		{15331102-7FD1-4B98-B111-61C278164852}.Release|Any CPU.ActiveCfg = Release|Any CPU
		{15331102-7FD1-4B98-B111-61C278164852}.Release|Any CPU.Build.0 = Release|Any CPU
		{34A17104-E754-465A-9543-C1DB70C80F9F}.Debug|Any CPU.ActiveCfg = Debug|Any CPU
		{34A17104-E754-465A-9543-C1DB70C80F9F}.Debug|Any CPU.Build.0 = Debug|Any CPU
		{34A17104-E754-465A-9543-C1DB70C80F9F}.Release|Any CPU.ActiveCfg = Release|Any CPU
		{34A17104-E754-465A-9543-C1DB70C80F9F}.Release|Any CPU.Build.0 = Release|Any CPU
		{A001888F-EACE-4EA9-A14F-636BBA57FD73}.Debug|Any CPU.ActiveCfg = Debug|Any CPU
		{A001888F-EACE-4EA9-A14F-636BBA57FD73}.Debug|Any CPU.Build.0 = Debug|Any CPU
		{A001888F-EACE-4EA9-A14F-636BBA57FD73}.Release|Any CPU.ActiveCfg = Release|Any CPU
		{A001888F-EACE-4EA9-A14F-636BBA57FD73}.Release|Any CPU.Build.0 = Release|Any CPU
		{4560769B-60AA-4EA0-97FF-DB2BDFCEA85E}.Debug|Any CPU.ActiveCfg = Debug|Any CPU
		{4560769B-60AA-4EA0-97FF-DB2BDFCEA85E}.Debug|Any CPU.Build.0 = Debug|Any CPU
		{4560769B-60AA-4EA0-97FF-DB2BDFCEA85E}.Release|Any CPU.ActiveCfg = Release|Any CPU
		{4560769B-60AA-4EA0-97FF-DB2BDFCEA85E}.Release|Any CPU.Build.0 = Release|Any CPU
		{C3C97DD0-7A50-4E79-9BE4-5BFB5E7CB3A4}.Debug|Any CPU.ActiveCfg = Debug|Any CPU
		{C3C97DD0-7A50-4E79-9BE4-5BFB5E7CB3A4}.Debug|Any CPU.Build.0 = Debug|Any CPU
		{C3C97DD0-7A50-4E79-9BE4-5BFB5E7CB3A4}.Release|Any CPU.ActiveCfg = Release|Any CPU
		{C3C97DD0-7A50-4E79-9BE4-5BFB5E7CB3A4}.Release|Any CPU.Build.0 = Release|Any CPU
	EndGlobalSection
	GlobalSection(SolutionProperties) = preSolution
		HideSolutionNode = FALSE
	EndGlobalSection
	GlobalSection(NestedProjects) = preSolution
		{1582AEC8-A1C7-4D47-8C7B-92B4B139C2AA} = {05BBE106-5E4D-4664-ABF0-CD70EFCF2AB9}
		{FD74D9DD-4E45-42F4-9175-585A3DB10735} = {05BBE106-5E4D-4664-ABF0-CD70EFCF2AB9}
		{05EF92CB-6051-4FE2-95B6-444FD7ACEB58} = {05BBE106-5E4D-4664-ABF0-CD70EFCF2AB9}
		{4F510F20-0CA6-4612-ADB9-30C8B01C7177} = {1582AEC8-A1C7-4D47-8C7B-92B4B139C2AA}
		{19B6D619-34C9-4909-A6D1-0008C312C973} = {FD74D9DD-4E45-42F4-9175-585A3DB10735}
		{6D1B075B-D51B-45E9-9F48-4EF5D37CADF4} = {FD74D9DD-4E45-42F4-9175-585A3DB10735}
		{CD445AFE-6E1A-43AE-89B5-65CE200818BE} = {05EF92CB-6051-4FE2-95B6-444FD7ACEB58}
		{15331102-7FD1-4B98-B111-61C278164852} = {05EF92CB-6051-4FE2-95B6-444FD7ACEB58}
		{34A17104-E754-465A-9543-C1DB70C80F9F} = {05EF92CB-6051-4FE2-95B6-444FD7ACEB58}
		{A001888F-EACE-4EA9-A14F-636BBA57FD73} = {2B3A9164-2744-429E-AB9A-E75B45C7F8A5}
		{4560769B-60AA-4EA0-97FF-DB2BDFCEA85E} = {2B3A9164-2744-429E-AB9A-E75B45C7F8A5}
		{C3C97DD0-7A50-4E79-9BE4-5BFB5E7CB3A4} = {2B3A9164-2744-429E-AB9A-E75B45C7F8A5}
	EndGlobalSection
	GlobalSection(ExtensibilityGlobals) = postSolution
		SolutionGuid = {523C05A8-8097-4D12-8F57-0075A2C06D7A}
	EndGlobalSection
EndGlobal
